version = 1
revision = 3
requires-python = ">=3.14"

[[package]]
name = "aiofiles"
version = "25.1.0"
source = { registry = "https://pypi.org/simple" }
sdist = { url = "https://files.pythonhosted.org/packages/41/c3/534eac40372d8ee36ef40df62ec129bee4fdb5ad9706e58a29be53b2c970/aiofiles-25.1.0.tar.gz", hash = "sha256:a8d728f0a29de45dc521f18f07297428d56992a742f0cd2701ba86e44d23d5b2", size = 46354, upload-time = "2025-10-09T20:51:04.358Z" }
wheels = [
    { url = "https://files.pythonhosted.org/packages/bc/8a/340a1555ae33d7354dbca4faa54948d76d89a27ceef032c8c3bc661d003e/aiofiles-25.1.0-py3-none-any.whl", hash = "sha256:abe311e527c862958650f9438e859c1fa7568a141b22abcd015e120e86a85695", size = 14668, upload-time = "2025-10-09T20:51:03.174Z" },
]

[[package]]
name = "arrow"
version = "1.4.0"
source = { registry = "https://pypi.org/simple" }
dependencies = [
    { name = "python-dateutil" },
    { name = "tzdata" },
]
sdist = { url = "https://files.pythonhosted.org/packages/b9/33/032cdc44182491aa708d06a68b62434140d8c50820a087fac7af37703357/arrow-1.4.0.tar.gz", hash = "sha256:ed0cc050e98001b8779e84d461b0098c4ac597e88704a655582b21d116e526d7", size = 152931, upload-time = "2025-10-18T17:46:46.761Z" }
wheels = [
    { url = "https://files.pythonhosted.org/packages/ed/c9/d7977eaacb9df673210491da99e6a247e93df98c715fc43fd136ce1d3d33/arrow-1.4.0-py3-none-any.whl", hash = "sha256:749f0769958ebdc79c173ff0b0670d59051a535fa26e8eba02953dc19eb43205", size = 68797, upload-time = "2025-10-18T17:46:45.663Z" },
]

[[package]]
name = "async"
version = "0.6.2"
source = { registry = "https://pypi.org/simple" }
sdist = { url = "https://files.pythonhosted.org/packages/47/de/9d8e0907842c56d4cbd64d7543e65f78373d1fe8e9dc33a4324aaea734e9/async-0.6.2.tar.gz", hash = "sha256:ac6894d876e45878faae493b0cf61d0e28ec417334448ac0a6ea2229d8343051", size = 30177, upload-time = "2014-11-12T17:03:40.353Z" }

[[package]]
name = "flexcache"
version = "0.3"
source = { registry = "https://pypi.org/simple" }
dependencies = [
    { name = "typing-extensions" },
]
sdist = { url = "https://files.pythonhosted.org/packages/55/b0/8a21e330561c65653d010ef112bf38f60890051d244ede197ddaa08e50c1/flexcache-0.3.tar.gz", hash = "sha256:18743bd5a0621bfe2cf8d519e4c3bfdf57a269c15d1ced3fb4b64e0ff4600656", size = 15816, upload-time = "2024-03-09T03:21:07.555Z" }
wheels = [
    { url = "https://files.pythonhosted.org/packages/27/cd/c883e1a7c447479d6e13985565080e3fea88ab5a107c21684c813dba1875/flexcache-0.3-py3-none-any.whl", hash = "sha256:d43c9fea82336af6e0115e308d9d33a185390b8346a017564611f1466dcd2e32", size = 13263, upload-time = "2024-03-09T03:21:05.635Z" },
]

[[package]]
name = "flexparser"
version = "0.4"
source = { registry = "https://pypi.org/simple" }
dependencies = [
    { name = "typing-extensions" },
]
sdist = { url = "https://files.pythonhosted.org/packages/82/99/b4de7e39e8eaf8207ba1a8fa2241dd98b2ba72ae6e16960d8351736d8702/flexparser-0.4.tar.gz", hash = "sha256:266d98905595be2ccc5da964fe0a2c3526fbbffdc45b65b3146d75db992ef6b2", size = 31799, upload-time = "2024-11-07T02:00:56.249Z" }
wheels = [
    { url = "https://files.pythonhosted.org/packages/fe/5e/3be305568fe5f34448807976dc82fc151d76c3e0e03958f34770286278c1/flexparser-0.4-py3-none-any.whl", hash = "sha256:3738b456192dcb3e15620f324c447721023c0293f6af9955b481e91d00179846", size = 27625, upload-time = "2024-11-07T02:00:54.523Z" },
]

[[package]]
name = "livekit"
version = "1.1.10"
source = { registry = "https://pypi.org/simple" }
dependencies = [
    { name = "aiofiles" },
    { name = "numpy" },
    { name = "protobuf" },
    { name = "types-protobuf" },
]
sdist = { url = "https://files.pythonhosted.org/packages/53/11/a8f7af0d9a0a1e705c98a16942f8ec70865a8a08280e3ad53a3026388d36/livekit-1.1.10.tar.gz", hash = "sha256:202101c49a1fbc1d771d5dfb884c77f42c01dafc411d12224b992fac78a843cb", size = 355789, upload-time = "2026-06-04T20:23:19.723Z" }
wheels = [
    { url = "https://files.pythonhosted.org/packages/d0/b0/51b2dc800ff2201da35ea87be1e25d370f4973e214e96ddf09563cd977a8/livekit-1.1.10-py3-none-macosx_10_15_x86_64.whl", hash = "sha256:495b23988673bf6571fd0faaf621416e973fa1d302b1acccd479e0461cac924d", size = 10103039, upload-time = "2026-06-04T20:23:09.411Z" },
    { url = "https://files.pythonhosted.org/packages/f3/7b/d7e1af04915402f55d6aa2d063273d053f9da0799ea9ec0a691fc96003cf/livekit-1.1.10-py3-none-macosx_11_0_arm64.whl", hash = "sha256:7bd85dda5c8b11458b3447cbb02630af7bb267d424c65c89d2e6d736905147d1", size = 8933264, upload-time = "2026-06-04T20:23:11.527Z" },
    { url = "https://files.pythonhosted.org/packages/86/78/5ee7513df2ef124e5f75659bbe477253dd214a3089003e34644a37f80462/livekit-1.1.10-py3-none-manylinux_2_28_aarch64.whl", hash = "sha256:b05299fa0a4c98d8d57f0013367adad70a84dd5fc9c46e4a7f3df5352c81b6c1", size = 9938610, upload-time = "2026-06-04T20:23:13.495Z" },
    { url = "https://files.pythonhosted.org/packages/86/86/16364e82b7363ad43e6651e46dfccf88f18fe46897c2123fe4badbf1f067/livekit-1.1.10-py3-none-manylinux_2_28_x86_64.whl", hash = "sha256:29f58fe30dc181c45b0a9c929beaacacde0b2253fa6e597547508d5269e9012b", size = 11321977, upload-time = "2026-06-04T20:23:15.632Z" },
    { url = "https://files.pythonhosted.org/packages/80/ca/f50036fffbff113f8de6bd05194dc6df0a5f2028f058dcf69073f774a464/livekit-1.1.10-py3-none-win_amd64.whl", hash = "sha256:13ac0c8498e0e5bc41292526966fd6ad86baa66e1915778b128cf7e953b107fc", size = 10675561, upload-time = "2026-06-04T20:23:17.857Z" },
]

[[package]]
name = "numpy"
version = "2.4.6"
source = { registry = "https://pypi.org/simple" }
sdist = { url = "https://files.pythonhosted.org/packages/d0/ad/fed0499ce6a338d2a03ebae59cd15093910c8875328855781952abf6c2fe/numpy-2.4.6.tar.gz", hash = "sha256:f3a3570c4a2a16746ac2c31a7c7c7b0c186b95ce902e33db6f28094ed7387dda", size = 20735807, upload-time = "2026-05-18T23:37:14.07Z" }
wheels = [
    { url = "https://files.pythonhosted.org/packages/f8/91/3ab2044d05fd16d343c5ac2e69b127f1b2854040dd20b193257c78028bd3/numpy-2.4.6-cp314-cp314-macosx_10_15_x86_64.whl", hash = "sha256:06ca2f61ec4385a07a6977c55ba998a4466c123642b4a32694d3128fce18c079", size = 16683458, upload-time = "2026-05-18T23:35:38.353Z" },
    { url = "https://files.pythonhosted.org/packages/8e/62/764ce66fa4147ae6d73071a3abf804ffe606f174618697c571acdf26a7c9/numpy-2.4.6-cp314-cp314-macosx_11_0_arm64.whl", hash = "sha256:38efbc8de75c7a0fc1ac190162d892787f3f47b57cc291231aafee36b80982b7", size = 14704559, upload-time = "2026-05-18T23:35:42.14Z" },
    { url = "https://files.pythonhosted.org/packages/60/61/23f27c172f022e04025b7dc2367f4d63c1a398120607ec896228649a6f48/numpy-2.4.6-cp314-cp314-macosx_14_0_arm64.whl", hash = "sha256:d581b735e177fdcdce6fed8e7e8880a3fb6ee4e3653a3ac6af01c6f4c03effc5", size = 5209716, upload-time = "2026-05-18T23:35:45.377Z" },
    { url = "https://files.pythonhosted.org/packages/03/71/21cf70dc6ea3e3acb95fc53a265b2fc248b981f0194ceb5b475271b8809d/numpy-2.4.6-cp314-cp314-macosx_14_0_x86_64.whl", hash = "sha256:0a041d3d761dc3c35cc56ce0351506a02bcbc25f7b169f652435141a17db9096", size = 6543947, upload-time = "2026-05-18T23:35:47.926Z" },
    { url = "https://files.pythonhosted.org/packages/d5/91/64288395ee1799bd2e0b04a305dce9666da90c961e1f3fe982a05ee1c036/numpy-2.4.6-cp314-cp314-manylinux_2_27_aarch64.manylinux_2_28_aarch64.whl", hash = "sha256:40fdc1ae7125e518ea98e53e69a4ebc27e1fd50510c47b7ea130cf21e5e1d42b", size = 15685197, upload-time = "2026-05-18T23:35:50.863Z" },
    { url = "https://files.pythonhosted.org/packages/f3/eb/ebffaa97dc55502df69584a8f0dcf07f69a3e0b3e2323670a2722db9aa39/numpy-2.4.6-cp314-cp314-manylinux_2_27_x86_64.manylinux_2_28_x86_64.whl", hash = "sha256:a2c306dea656c12c68f51f4cea133cbe78ca7435eb28c735eac1d3ebe73be6e8", size = 16638245, upload-time = "2026-05-18T23:35:54.752Z" },
    { url = "https://files.pythonhosted.org/packages/b8/0b/54f9da33128d7e350fab89c7455902eeae70349ee52bddb448dc4a576f45/numpy-2.4.6-cp314-cp314-musllinux_1_2_aarch64.whl", hash = "sha256:33111801a01c12a8a1e3721f0a9232f8cfc8ae2c6b7098167e6f623c6073f402", size = 17036587, upload-time = "2026-05-18T23:35:58.355Z" },
    { url = "https://files.pythonhosted.org/packages/b6/f0/fdebc1052db1cc37c64beb22072d67cd6d1c71adca1299f53dec2b5e20d3/numpy-2.4.6-cp314-cp314-musllinux_1_2_x86_64.whl", hash = "sha256:ae506e6902902557576a26ff33eda8695e7ecb3cb36c3b573a0765dee114ebdb", size = 18363226, upload-time = "2026-05-18T23:36:02.845Z" },
    { url = "https://files.pythonhosted.org/packages/aa/b4/298628d98c72b57e57f7165ae6a481a1deaf6f3c28262a6e4c739c275930/numpy-2.4.6-cp314-cp314-win32.whl", hash = "sha256:aaf159caa35993cb1f56fb9b8e4610d35758e7ca005412eb1daa856a78c9c4b1", size = 6010196, upload-time = "2026-05-18T23:36:05.92Z" },
    { url = "https://files.pythonhosted.org/packages/df/ac/46de6dda46478f7942f839e094970be2d4a861e005c4b3bf07c92e291a09/numpy-2.4.6-cp314-cp314-win_amd64.whl", hash = "sha256:b507f5c4c1d508876d1819b6bf9a49d365b96320b5d4993426b33a23ca4b8261", size = 12450334, upload-time = "2026-05-18T23:36:09.107Z" },
    { url = "https://files.pythonhosted.org/packages/78/92/b8b798ac784102c0da830d2257d59358e3d3d90d1e2b3f2575dad976c5cf/numpy-2.4.6-cp314-cp314-win_arm64.whl", hash = "sha256:6f41ae150c4e32db4f3310cdaf64b1593a03dbabe29eec77fc9b50fe64061df6", size = 10495678, upload-time = "2026-05-18T23:36:12.766Z" },
    { url = "https://files.pythonhosted.org/packages/30/34/ec28d1aa8115971537c01469ab2011ee96827930f0a124de1000cc2a7ed7/numpy-2.4.6-cp314-cp314t-macosx_11_0_arm64.whl", hash = "sha256:ece3d2cfe132e7d51f44a832b303895e6f2d499c5e74dfbdb06ee246147a304a", size = 14823672, upload-time = "2026-05-18T23:36:16.473Z" },
    { url = "https://files.pythonhosted.org/packages/16/bd/f6d1fede4e54e8042a7ff97bb495510f3c220f94bcd9e8b228e87c92cc0d/numpy-2.4.6-cp314-cp314t-macosx_14_0_arm64.whl", hash = "sha256:e3e5193ef5a3dc73bceee50f7fdc2c90dbb76c42df8d8fae3d1067a583df579e", size = 5328731, upload-time = "2026-05-18T23:36:19.767Z" },
    { url = "https://files.pythonhosted.org/packages/f4/f0/e105b9e2fd728a9910103884decd6951d9dd73896b914a98d9a231de02ee/numpy-2.4.6-cp314-cp314t-macosx_14_0_x86_64.whl", hash = "sha256:17f9ade344e7d9b464a084d69bcf18fc691cb1db67c62ed80820bf4926d78f0e", size = 6649805, upload-time = "2026-05-18T23:36:22.266Z" },
    { url = "https://files.pythonhosted.org/packages/82/dd/1206a7ca6ab15e3f02069707ca96222e202af681bb73756da7527f3cb837/numpy-2.4.6-cp314-cp314t-manylinux_2_27_aarch64.manylinux_2_28_aarch64.whl", hash = "sha256:9cd5ffd25db4e7ba6a375693b3fc0fc1791ec636c17db3720da19bde7180ec43", size = 15730496, upload-time = "2026-05-18T23:36:25.713Z" },
    { url = "https://files.pythonhosted.org/packages/51/e7/38d3ea825dcab85a591734decb2f6c67caa7c8367d374df1a1c3842f9b07/numpy-2.4.6-cp314-cp314t-manylinux_2_27_x86_64.manylinux_2_28_x86_64.whl", hash = "sha256:7d92c3819208a60205a12a245c91ad70cb0a85336659b19b834205573ac8456e", size = 16679616, upload-time = "2026-05-18T23:36:29.652Z" },
    { url = "https://files.pythonhosted.org/packages/93/b7/caabfdf53edf663e0b4eb74d7d405d83baef09eb5e83bcd32d601d72b93e/numpy-2.4.6-cp314-cp314t-musllinux_1_2_aarch64.whl", hash = "sha256:e85b752a1e912b70eaad4fafbd4d1238007ab221de2009b9a2f5ae7461239895", size = 17085145, upload-time = "2026-05-18T23:36:33.449Z" },
    { url = "https://files.pythonhosted.org/packages/f9/45/68d7c33a6bcf3e5aa3bdbd57a367e6f615286dfd6482f97e8ffeb734306e/numpy-2.4.6-cp314-cp314t-musllinux_1_2_x86_64.whl", hash = "sha256:29cb7f67d10b479ff07c17d33e39f78c07f71c40ef30d63c153d340e96cd3fb4", size = 18403813, upload-time = "2026-05-18T23:36:37.369Z" },
    { url = "https://files.pythonhosted.org/packages/9c/50/0753655aa844c99cd9e018aacf76f130f1bd81d881bb74bc0aef5d73a8ba/numpy-2.4.6-cp314-cp314t-win32.whl", hash = "sha256:260a5d70215b61ab4fadf5c7baacd64821842975eea312125ed3c39a6391b063", size = 6156982, upload-time = "2026-05-18T23:36:40.817Z" },
    { url = "https://files.pythonhosted.org/packages/b2/d4/7c67becf668f973cb490cec3e98dfd799d866f9c989a54d355672cfa0db6/numpy-2.4.6-cp314-cp314t-win_amd64.whl", hash = "sha256:81a1cca95ed5bb92aa8b10dd2cdc9a0d3853a50fad926c28b5d7e8ea54389627", size = 12638908, upload-time = "2026-05-18T23:36:43.996Z" },
    { url = "https://files.pythonhosted.org/packages/43/bb/e1c71a4295b1b1d1393d50dbb4f2a36283c6859d9d3892e84f00ec5a91d5/numpy-2.4.6-cp314-cp314t-win_arm64.whl", hash = "sha256:0c9136e14ed34a9e343a31c533d78a9813a69a3148332bce5e9821cb2f996e66", size = 10565867, upload-time = "2026-05-18T23:36:47.114Z" },
]

[[package]]
name = "pint"
version = "0.25.3"
source = { registry = "https://pypi.org/simple" }
dependencies = [
    { name = "flexcache" },
    { name = "flexparser" },
    { name = "platformdirs" },
    { name = "typing-extensions" },
]
sdist = { url = "https://files.pythonhosted.org/packages/52/9d/b1379cdbd33a49d17d627bc24e2b63cca06a1c5343b38072d2889499e82e/pint-0.25.3.tar.gz", hash = "sha256:f8f5df6cf65314d74da1ade1bf96f8e3e4d0c41b51577ac53c49e7d44ca5acee", size = 255106, upload-time = "2026-03-19T21:57:08.72Z" }
wheels = [
    { url = "https://files.pythonhosted.org/packages/1b/dd/a9fe6a0a09512da23951c68bf36466aeecd89def3183dc095edbc807ddc5/pint-0.25.3-py3-none-any.whl", hash = "sha256:27eb25143bd5de9fcc4d5a4b484f16faf6b4615aa93ece6b3373a8c1a3c1b97d", size = 307488, upload-time = "2026-03-19T21:57:07.022Z" },
]

[[package]]
name = "pipecat"
version = "0.3.0"
source = { registry = "https://pypi.org/simple" }
dependencies = [
    { name = "arrow" },
    { name = "numpy" },
    { name = "pint" },
]
sdist = { url = "https://files.pythonhosted.org/packages/a3/d2/da4225a5b49e607e374c066fcb41e7084547a3f18bfb33f171c409433a77/pipecat-0.3.0.tar.gz", hash = "sha256:e449d2231c15252048192b6a6c09db638b2f16b91591f8bf5f4d1f59051c068f", size = 13058, upload-time = "2017-05-28T04:20:20.592Z" }

[[package]]
name = "platformdirs"
version = "4.10.0"
source = { registry = "https://pypi.org/simple" }
sdist = { url = "https://files.pythonhosted.org/packages/d7/47/e4501f49c178ae1d9f4a75073fda4204f52647993f075a9db4d14930e0c5/platformdirs-4.10.0.tar.gz", hash = "sha256:31e761a6a0ca04faf7353ea759bdba55652be214725111e5aac52dfa29d4bef7", size = 31224, upload-time = "2026-05-28T03:32:53.587Z" }
wheels = [
    { url = "https://files.pythonhosted.org/packages/81/e6/cd9575ac904136b3cbf7aa7ee819ef86eedb7274e46f230e94ea4342e729/platformdirs-4.10.0-py3-none-any.whl", hash = "sha256:fb516cdb12eb0d857d0cd85a7c57cea4d060bee4578d6cf5a14dfdf8cbf8784a", size = 22743, upload-time = "2026-05-28T03:32:52.175Z" },
]

[[package]]
name = "protobuf"
version = "7.35.0"
source = { registry = "https://pypi.org/simple" }
sdist = { url = "https://files.pythonhosted.org/packages/60/fd/5b1491d9e4b586d621c54f4c36b888714164b6875f8d6afa3f9072906a51/protobuf-7.35.0.tar.gz", hash = "sha256:a2efd84605f41e559f1881b0912b44099d0a2ac9bf46b3474823f10fb393b0e6", size = 458677, upload-time = "2026-05-19T23:02:29.197Z" }
wheels = [
    { url = "https://files.pythonhosted.org/packages/83/ee/93d06e358a4aa32280b00e722d3ea0a1f25fc3cc5778d80581c9cca2c10e/protobuf-7.35.0-cp310-abi3-macosx_10_9_universal2.whl", hash = "sha256:66be6c513931c794fa92c080ffee41671390da3d79da219cf9c0c0907f035dda", size = 433225, upload-time = "2026-05-19T23:02:19.884Z" },
    { url = "https://files.pythonhosted.org/packages/8b/39/1c76c2da93f3c507e958e0aecee2391cc44d4625de6c728bbc555195b5a8/protobuf-7.35.0-cp310-abi3-manylinux2014_aarch64.whl", hash = "sha256:fcbe42a4ac09d3ec9c987ddfcd956afd0b15f1ff613bd8371bde9405ffd5c8e5", size = 328847, upload-time = "2026-05-19T23:02:22.3Z" },
    { url = "https://files.pythonhosted.org/packages/91/1a/39f7ce90a238c1a987a4d81ec26379e02ca0aff367de68e4a1fa474215b9/protobuf-7.35.0-cp310-abi3-manylinux2014_s390x.whl", hash = "sha256:4cbf5cc286130e06a6c9bbefac442431173906dfcc979712183d4adcc01b37ee", size = 344030, upload-time = "2026-05-19T23:02:23.591Z" },
    { url = "https://files.pythonhosted.org/packages/70/5b/6baf9008817964454055ff3fe65f1de0b5f1e26c80c82f7fb108b7cd4ea3/protobuf-7.35.0-cp310-abi3-manylinux2014_x86_64.whl", hash = "sha256:6c0f98f10c8a05ea30f8993dfef2de093d27b490fdae78bb60c8343795d55011", size = 327130, upload-time = "2026-05-19T23:02:24.637Z" },
    { url = "https://files.pythonhosted.org/packages/8e/e5/e46adb0badc388bfb84877a5f9f026aff63f60e611016cf64dbe77e05446/protobuf-7.35.0-cp310-abi3-win32.whl", hash = "sha256:4c4617b83ade0e279d1d2bfe04025a1adb87f9ed657de038620dc0ff959357f6", size = 428946, upload-time = "2026-05-19T23:02:25.741Z" },
    { url = "https://files.pythonhosted.org/packages/a7/ab/547fbd9e16d879dd13c167478f8ae0a83a428008ca07a5e06acdc23ad473/protobuf-7.35.0-cp310-abi3-win_amd64.whl", hash = "sha256:f05bcadf9a2a6b8dda047007075135fb7d08c73d9177aabc067e1be46881a201", size = 439996, upload-time = "2026-05-19T23:02:26.808Z" },
    { url = "https://files.pythonhosted.org/packages/b8/ef/50433d346c56657a70d27f156c7b349ac59a068b01de4eb796e747eecc43/protobuf-7.35.0-py3-none-any.whl", hash = "sha256:c13f325cf242bad135c350629eeb5d54b24228eb472fb3e2e9ebbd4c5dc20ca0", size = 171659, upload-time = "2026-05-19T23:02:27.842Z" },
]

[[package]]
name = "python-dateutil"
version = "2.9.0.post0"
source = { registry = "https://pypi.org/simple" }
dependencies = [
    { name = "six" },
]
sdist = { url = "https://files.pythonhosted.org/packages/66/c0/0c8b6ad9f17a802ee498c46e004a0eb49bc148f2fd230864601a86dcf6db/python-dateutil-2.9.0.post0.tar.gz", hash = "sha256:37dd54208da7e1cd875388217d5e00ebd4179249f90fb72437e91a35459a0ad3", size = 342432, upload-time = "2024-03-01T18:36:20.211Z" }
wheels = [
    { url = "https://files.pythonhosted.org/packages/ec/57/56b9bcc3c9c6a792fcbaf139543cee77261f3651ca9da0c93f5c1221264b/python_dateutil-2.9.0.post0-py2.py3-none-any.whl", hash = "sha256:a8b2bc7bffae282281c8140a97d3aa9c14da0b136dfe83f850eea9a5f7470427", size = 229892, upload-time = "2024-03-01T18:36:18.57Z" },
]

[[package]]
name = "sentry"
version = "0.1.0"
source = { virtual = "." }
dependencies = [
    { name = "async" },
    { name = "livekit" },
    { name = "pipecat" },
]

[package.metadata]
requires-dist = [
    { name = "async", specifier = ">=0.6.2" },
    { name = "livekit", specifier = ">=1.1.10" },
    { name = "pipecat", specifier = ">=0.3.0" },
]

[[package]]
name = "six"
version = "1.17.0"
source = { registry = "https://pypi.org/simple" }
sdist = { url = "https://files.pythonhosted.org/packages/94/e7/b2c673351809dca68a0e064b6af791aa332cf192da575fd474ed7d6f16a2/six-1.17.0.tar.gz", hash = "sha256:ff70335d468e7eb6ec65b95b99d3a2836546063f63acc5171de367e834932a81", size = 34031, upload-time = "2024-12-04T17:35:28.174Z" }
wheels = [
    { url = "https://files.pythonhosted.org/packages/b7/ce/149a00dd41f10bc29e5921b496af8b574d8413afcd5e30dfa0ed46c2cc5e/six-1.17.0-py2.py3-none-any.whl", hash = "sha256:4721f391ed90541fddacab5acf947aa0d3dc7d27b2e1e8eda2be8970586c3274", size = 11050, upload-time = "2024-12-04T17:35:26.475Z" },
]

[[package]]
name = "types-protobuf"
version = "7.34.1.20260518"
source = { registry = "https://pypi.org/simple" }
sdist = { url = "https://files.pythonhosted.org/packages/29/59/e2b13b499d15e6720150c4b1a8d91e31fcacf716b432397475b3151ff7e4/types_protobuf-7.34.1.20260518.tar.gz", hash = "sha256:28cfaded25889cb83ebfb63cfb0a43628f0b6f3785767bec17287dc6468795f2", size = 68936, upload-time = "2026-05-18T06:01:47.332Z" }
wheels = [
    { url = "https://files.pythonhosted.org/packages/2a/1f/ec5caf72c2e3b688ca3927e0979a04ddad19e1afc4bf1c199bd743e0f419/types_protobuf-7.34.1.20260518-py3-none-any.whl", hash = "sha256:a0a5337413347166439c0e07cbc26c6164d091401c6f01b1dfd8cdb966c4dd8f", size = 85992, upload-time = "2026-05-18T06:01:45.696Z" },
]

[[package]]
name = "typing-extensions"
version = "4.15.0"
source = { registry = "https://pypi.org/simple" }
sdist = { url = "https://files.pythonhosted.org/packages/72/94/1a15dd82efb362ac84269196e94cf00f187f7ed21c242792a923cdb1c61f/typing_extensions-4.15.0.tar.gz", hash = "sha256:0cea48d173cc12fa28ecabc3b837ea3cf6f38c6d1136f85cbaaf598984861466", size = 109391, upload-time = "2025-08-25T13:49:26.313Z" }
wheels = [
    { url = "https://files.pythonhosted.org/packages/18/67/36e9267722cc04a6b9f15c7f3441c2363321a3ea07da7ae0c0707beb2a9c/typing_extensions-4.15.0-py3-none-any.whl", hash = "sha256:f0fa19c6845758ab08074a0cfa8b7aecb71c999ca73d62883bc25cc018c4e548", size = 44614, upload-time = "2025-08-25T13:49:24.86Z" },
]

[[package]]
name = "tzdata"
version = "2026.2"
source = { registry = "https://pypi.org/simple" }
sdist = { url = "https://files.pythonhosted.org/packages/ba/19/1b9b0e29f30c6d35cb345486df41110984ea67ae69dddbc0e8a100999493/tzdata-2026.2.tar.gz", hash = "sha256:9173fde7d80d9018e02a662e168e5a2d04f87c41ea174b139fbef642eda62d10", size = 198254, upload-time = "2026-04-24T15:22:08.651Z" }
wheels = [
    { url = "https://files.pythonhosted.org/packages/ce/e4/dccd7f47c4b64213ac01ef921a1337ee6e30e8c6466046018326977efd95/tzdata-2026.2-py2.py3-none-any.whl", hash = "sha256:bbe9af844f658da81a5f95019480da3a89415801f6cc966806612cc7169bffe7", size = 349321, upload-time = "2026-04-24T15:22:05.876Z" },
]
